PODS:
  - fb_utils (0.0.1):
    - Flutter
  - Flutter (1.0.0)

DEPENDENCIES:
  - fb_utils (from `.symlinks/plugins/fb_utils/ios`)
  - Flutter (from `Flutter`)

EXTERNAL SOURCES:
  fb_utils:
    :path: ".symlinks/plugins/fb_utils/ios"
  Flutter:
    :path: Flutter

SPEC CHECKSUMS:
  fb_utils: f3e021c1483e14b7ef777a074415c5c5925a69f0
  Flutter: f04841e97a9d0b0a8025694d0796dd46242b2854

PODFILE CHECKSUM: 663715e941f9adb426e33bf9376914006f9ea95b

COCOAPODS: 1.12.1
